
Microsoft Visual Studio Solution File, Format Version 12.00
# Visual Studio Version 17
VisualStudioVersion = 17.10.34916.146
MinimumVisualStudioVersion = 10.0.40219.1
Project("{FAE04EC0-301F-11D3-BF4B-00C04F79EFBC}") = "Functional_Student_Assessment", "Functional_Student_Assessment\Functional_Student_Assessment.csproj", "{BA726327-9484-47D6-8B00-C1B5F5D946F4}"
EndProject
Global
	GlobalSection(SolutionConfigurationPlatforms) = preSolution
		Debug|Any CPU = Debug|Any CPU
		Release|Any CPU = Release|Any CPU
	EndGlobalSection
	GlobalSection(ProjectConfigurationPlatforms) = postSolution
		{BA726327-9484-47D6-8B00-C1B5F5D946F4}.Debug|Any CPU.ActiveCfg = Debug|Any CPU
		{BA726327-9484-47D6-8B00-C1B5F5D946F4}.Debug|Any CPU.Build.0 = Debug|Any CPU
		{BA726327-9484-47D6-8B00-C1B5F5D946F4}.Release|Any CPU.ActiveCfg = Release|Any CPU
		{BA726327-9484-47D6-8B00-C1B5F5D946F4}.Release|Any CPU.Build.0 = Release|Any CPU
	EndGlobalSection
	GlobalSection(SolutionProperties) = preSolution
		HideSolutionNode = FALSE
	EndGlobalSection
	GlobalSection(ExtensibilityGlobals) = postSolution
		SolutionGuid = {AD2B310B-D5FE-411A-B037-B1B9A1306263}
	EndGlobalSection
EndGlobal
